
Microsoft Visual Studio Solution File, Format Version 11.00
# Visual Studio 2010
Project("{FAE04EC0-301F-11D3-BF4B-00C04F79EFBC}") = "NavMeshComponents", "NavMeshComponents.csproj", "{1385C412-3AD5-3D35-AD2B-DA513492E9AD}"
EndProject
Project("{FAE04EC0-301F-11D3-BF4B-00C04F79EFBC}") = "Assembly-CSharp", "Assembly-CSharp.csproj", "{64C7C438-A9E2-5699-1D87-4D88C78989B4}"
EndProject
Project("{FAE04EC0-301F-11D3-BF4B-00C04F79EFBC}") = "NavMeshComponentsEditor", "NavMeshComponentsEditor.csproj", "{04E60CD0-0E41-E7E9-4EA9-C137B7AAE026}"
EndProject
Global
	GlobalSection(SolutionConfigurationPlatforms) = preSolution
		Debug|Any CPU = Debug|Any CPU
		Release|Any CPU = Release|Any CPU
	EndGlobalSection
	GlobalSection(ProjectConfigurationPlatforms) = postSolution
		{1385C412-3AD5-3D35-AD2B-DA513492E9AD}.Debug|Any CPU.ActiveCfg = Debug|Any CPU
		{1385C412-3AD5-3D35-AD2B-DA513492E9AD}.Debug|Any CPU.Build.0 = Debug|Any CPU
		{1385C412-3AD5-3D35-AD2B-DA513492E9AD}.Release|Any CPU.ActiveCfg = Release|Any CPU
		{1385C412-3AD5-3D35-AD2B-DA513492E9AD}.Release|Any CPU.Build.0 = Release|Any CPU
		{64C7C438-A9E2-5699-1D87-4D88C78989B4}.Debug|Any CPU.ActiveCfg = Debug|Any CPU
		{64C7C438-A9E2-5699-1D87-4D88C78989B4}.Debug|Any CPU.Build.0 = Debug|Any CPU
		{64C7C438-A9E2-5699-1D87-4D88C78989B4}.Release|Any CPU.ActiveCfg = Release|Any CPU
		{64C7C438-A9E2-5699-1D87-4D88C78989B4}.Release|Any CPU.Build.0 = Release|Any CPU
		{04E60CD0-0E41-E7E9-4EA9-C137B7AAE026}.Debug|Any CPU.ActiveCfg = Debug|Any CPU
		{04E60CD0-0E41-E7E9-4EA9-C137B7AAE026}.Debug|Any CPU.Build.0 = Debug|Any CPU
		{04E60CD0-0E41-E7E9-4EA9-C137B7AAE026}.Release|Any CPU.ActiveCfg = Release|Any CPU
		{04E60CD0-0E41-E7E9-4EA9-C137B7AAE026}.Release|Any CPU.Build.0 = Release|Any CPU
	EndGlobalSection
	GlobalSection(SolutionProperties) = preSolution
		HideSolutionNode = FALSE
	EndGlobalSection
EndGlobal
